{
  "originHash" : "85fe92d9cdce0b4de7f8481a487e99fb5511099c7a49defa8b03da469a2d4c7b",
  "pins" : [
    {
      "identity" : "capacitor-swift-pm",
      "kind" : "remoteSourceControl",
      "location" : "https://github.com/ionic-team/capacitor-swift-pm.git",
      "state" : {
        "revision" : "992959f0467c781eb6a1637e69d87481238c3672",
        "version" : "8.3.4"
      }
    }
  ],
  "version" : 3
}
